
Microsoft Visual Studio Solution File, Format Version 12.00
# Visual Studio Version 16
VisualStudioVersion = 16.0.29920.165
MinimumVisualStudioVersion = 10.0.40219.1
Project("{FAE04EC0-301F-11D3-BF4B-00C04F79EFBC}") = "OOP p", "OOP p.csproj", "{B50EFF3D-DEDB-430C-8CD9-DA39C3AD0AEE}"
EndProject
Global
	GlobalSection(SolutionConfigurationPlatforms) = preSolution
		Debug|Any CPU = Debug|Any CPU
		Release|Any CPU = Release|Any CPU
	EndGlobalSection
	GlobalSection(ProjectConfigurationPlatforms) = postSolution
		{B50EFF3D-DEDB-430C-8CD9-DA39C3AD0AEE}.Debug|Any CPU.ActiveCfg = Debug|Any CPU
		{B50EFF3D-DEDB-430C-8CD9-DA39C3AD0AEE}.Debug|Any CPU.Build.0 = Debug|Any CPU
		{B50EFF3D-DEDB-430C-8CD9-DA39C3AD0AEE}.Release|Any CPU.ActiveCfg = Release|Any CPU
		{B50EFF3D-DEDB-430C-8CD9-DA39C3AD0AEE}.Release|Any CPU.Build.0 = Release|Any CPU
	EndGlobalSection
	GlobalSection(SolutionProperties) = preSolution
		HideSolutionNode = FALSE
	EndGlobalSection
	GlobalSection(ExtensibilityGlobals) = postSolution
		SolutionGuid = {E00AA3B4-6BDA-4E0C-A0DA-DBCEDFFC6A89}
	EndGlobalSection
EndGlobal
